<?xml version="1.0" encoding="utf-8"?>
<Project ToolsVersion="4.0" xmlns="http://schemas.microsoft.com/developer/msbuild/2003">
  <ItemGroup>
    <Filter Include="Source Files">
      <UniqueIdentifier>{4FC737F1-C7A5-4376-A066-2A32D752A2FF}</UniqueIdentifier>
      <Extensions>cpp;c;cc;cxx;def;odl;idl;hpj;bat;asm;asmx</Extensions>
    </Filter>
    <Filter Include="Header Files">
      <UniqueIdentifier>{93995380-89BD-4b04-88EB-625FBE52EBFB}</UniqueIdentifier>
      <Extensions>h;hh;hpp;hxx;hm;inl;inc;xsd</Extensions>
    </Filter>
    <Filter Include="Resource Files">
      <UniqueIdentifier>{67DA6AB6-F800-4c08-8B7A-83BB121AAD01}</UniqueIdentifier>
      <Extensions>rc;ico;cur;bmp;dlg;rc2;rct;bin;rgs;gif;jpg;jpeg;jpe;resx;tiff;tif;png;wav</Extensions>
    </Filter>
  </ItemGroup>
  <ItemGroup>
    <ClCompile Include="cf_1.cpp">
      <Filter>Source Files</Filter>
    </ClCompile>
    <ClCompile Include="cf_div_405_1.cpp">
      <Filter>Source Files</Filter>
    </ClCompile>
    <ClCompile Include="cf_div_405_2.cpp">
      <Filter>Source Files</Filter>
    </ClCompile>
    <ClCompile Include="cf_div_405_3.cpp">
      <Filter>Source Files</Filter>
    </ClCompile>
    <ClCompile Include="cf_div_405_4.cpp">
      <Filter>Source Files</Filter>
    </ClCompile>
    <ClCompile Include="cf_dp_magic_numbers.cpp">
      <Filter>Source Files</Filter>
    </ClCompile>
    <ClCompile Include="cf_dp_New_Skateboard(advanced).cpp">
      <Filter>Source Files</Filter>
    </ClCompile>
    <ClCompile Include="cf_dp_New_Skateboard.cpp">
      <Filter>Source Files</Filter>
    </ClCompile>
    <ClCompile Include="cf_Igor_Intresting_numbers.cpp">
      <Filter>Source Files</Filter>
    </ClCompile>
    <ClCompile Include="cf_round_419_A.cpp">
      <Filter>Source Files</Filter>
    </ClCompile>
    <ClCompile Include="cf_round_419_B.cpp">
      <Filter>Source Files</Filter>
    </ClCompile>
    <ClCompile Include="cf_round_82.cpp">
      <Filter>Source Files</Filter>
    </ClCompile>
    <ClCompile Include="challengge.cpp">
      <Filter>Source Files</Filter>
    </ClCompile>
    <ClCompile Include="Circles.cpp">
      <Filter>Source Files</Filter>
    </ClCompile>
    <ClCompile Include="code_forces_new.cpp">
      <Filter>Source Files</Filter>
    </ClCompile>
    <ClCompile Include="Coin_change(HR_hard).cpp">
      <Filter>Source Files</Filter>
    </ClCompile>
    <ClCompile Include="Cummulative_binary_search.cpp">
      <Filter>Source Files</Filter>
    </ClCompile>
    <ClCompile Include="gcd_array.cpp">
      <Filter>Source Files</Filter>
    </ClCompile>
    <ClCompile Include="hacker_rank_pr.cpp">
      <Filter>Source Files</Filter>
    </ClCompile>
    <ClCompile Include="hr_dp_count_your_progression.cpp">
      <Filter>Source Files</Filter>
    </ClCompile>
    <ClCompile Include="hr_dp_eight_lucky_numbers.cpp">
      <Filter>Source Files</Filter>
    </ClCompile>
    <ClCompile Include="hr_dp_min_max_digit.cpp">
      <Filter>Source Files</Filter>
    </ClCompile>
    <ClCompile Include="hr_dp_min_max_digit_advanced.cpp">
      <Filter>Source Files</Filter>
    </ClCompile>
    <ClCompile Include="hr_dp_number_of_coprime_arrays.cpp">
      <Filter>Source Files</Filter>
    </ClCompile>
    <ClCompile Include="hr_dp_problem.cpp">
      <Filter>Source Files</Filter>
    </ClCompile>
    <ClCompile Include="hr_dp_shark_and wet_subquences.cpp">
      <Filter>Source Files</Filter>
    </ClCompile>
    <ClCompile Include="hr_file.cPP">
      <Filter>Source Files</Filter>
    </ClCompile>
    <ClCompile Include="Hr_hard.cpp">
      <Filter>Source Files</Filter>
    </ClCompile>
    <ClCompile Include="hr_lcs_return.cpp">
      <Filter>Source Files</Filter>
    </ClCompile>
    <ClCompile Include="hr_new.cpp">
      <Filter>Source Files</Filter>
    </ClCompile>
    <ClCompile Include="hr_simpllified_chess_engine.cpp">
      <Filter>Source Files</Filter>
    </ClCompile>
    <ClCompile Include="hr_w27_zero_nim.cpp">
      <Filter>Source Files</Filter>
    </ClCompile>
    <ClCompile Include="ID3_implementation.cpp">
      <Filter>Source Files</Filter>
    </ClCompile>
    <ClCompile Include="K_marsh.cpp">
      <Filter>Source Files</Filter>
    </ClCompile>
    <ClCompile Include="max_sum.cpp">
      <Filter>Source Files</Filter>
    </ClCompile>
    <ClCompile Include="ML_assignment1 - Copy (2).cpp">
      <Filter>Source Files</Filter>
    </ClCompile>
    <ClCompile Include="ML_assignment1 - Copy (3).cpp">
      <Filter>Source Files</Filter>
    </ClCompile>
    <ClCompile Include="ML_assignment1 - Copy.cpp">
      <Filter>Source Files</Filter>
    </ClCompile>
    <ClCompile Include="ML_assignment1.cpp">
      <Filter>Source Files</Filter>
    </ClCompile>
    <ClCompile Include="mutation_genome.cpp">
      <Filter>Source Files</Filter>
    </ClCompile>
    <ClCompile Include="new.cpp">
      <Filter>Source Files</Filter>
    </ClCompile>
    <ClCompile Include="new_bs.cpp">
      <Filter>Source Files</Filter>
    </ClCompile>
    <ClCompile Include="Square_sequnces(HR_hard).cpp">
      <Filter>Source Files</Filter>
    </ClCompile>
    <ClCompile Include="training.cpp">
      <Filter>Source Files</Filter>
    </ClCompile>
    <ClCompile Include="Untitled1.cpp">
      <Filter>Source Files</Filter>
    </ClCompile>
    <ClCompile Include="Untitled12.cpp">
      <Filter>Source Files</Filter>
    </ClCompile>
    <ClCompile Include="ad_hoc\A.cpp">
      <Filter>Source Files</Filter>
    </ClCompile>
    <ClCompile Include="ad_hoc\ab.cpp">
      <Filter>Source Files</Filter>
    </ClCompile>
    <ClCompile Include="ad_hoc\Consecutive_sum.cpp">
      <Filter>Source Files</Filter>
    </ClCompile>
    <ClCompile Include="ad_hoc\Dirt.cpp">
      <Filter>Source Files</Filter>
    </ClCompile>
    <ClCompile Include="ad_hoc\Exam.cpp">
      <Filter>Source Files</Filter>
    </ClCompile>
    <ClCompile Include="ad_hoc\LinkedList.cpp">
      <Filter>Source Files</Filter>
    </ClCompile>
    <ClCompile Include="ad_hoc\Priority_queue.cpp">
      <Filter>Source Files</Filter>
    </ClCompile>
    <ClCompile Include="ad_hoc\Programming.cpp">
      <Filter>Source Files</Filter>
    </ClCompile>
    <ClCompile Include="ad_hoc\QuickSort.cpp">
      <Filter>Source Files</Filter>
    </ClCompile>
    <ClCompile Include="ad_hoc\Remove_leet.cpp">
      <Filter>Source Files</Filter>
    </ClCompile>
    <ClCompile Include="ad_hoc\Reverse.cpp">
      <Filter>Source Files</Filter>
    </ClCompile>
    <ClCompile Include="ad_hoc\Running_k_median.cpp">
      <Filter>Source Files</Filter>
    </ClCompile>
    <ClCompile Include="ad_hoc\sorted_linked_list.cpp">
      <Filter>Source Files</Filter>
    </ClCompile>
    <ClCompile Include="ad_hoc\Td.cpp">
      <Filter>Source Files</Filter>
    </ClCompile>
    <ClCompile Include="ad_hoc\Test.cpp">
      <Filter>Source Files</Filter>
    </ClCompile>
    <ClCompile Include="ad_hoc\Test1.cpp">
      <Filter>Source Files</Filter>
    </ClCompile>
    <ClCompile Include="ad_hoc\Time_Pq.cpp">
      <Filter>Source Files</Filter>
    </ClCompile>
    <ClCompile Include="ad_hoc\Time_Pq_1.cpp">
      <Filter>Source Files</Filter>
    </ClCompile>
    <ClCompile Include="ad_hoc\training1.cpp">
      <Filter>Source Files</Filter>
    </ClCompile>
    <ClCompile Include="ad_hoc\trie.cpp">
      <Filter>Source Files</Filter>
    </ClCompile>
    <ClCompile Include="ad_hoc\Wild_card.cpp">
      <Filter>Source Files</Filter>
    </ClCompile>
    <ClCompile Include="akuna capital\A.cpp">
      <Filter>Source Files</Filter>
    </ClCompile>
    <ClCompile Include="akuna capital\B.cpp">
      <Filter>Source Files</Filter>
    </ClCompile>
    <ClCompile Include="akuna capital\C.cpp">
      <Filter>Source Files</Filter>
    </ClCompile>
    <ClCompile Include="assignment1_sandeepavula_sxa165930_saisandeepvaddi_sxv160830\part 2\ID3_implementation.cpp">
      <Filter>Source Files</Filter>
    </ClCompile>
    <ClCompile Include="binary_indexed_trees\Fenwick-_trees.cpp">
      <Filter>Source Files</Filter>
    </ClCompile>
    <ClCompile Include="binary_indexed_trees\USACO_gold_level_2011_1.cpp">
      <Filter>Source Files</Filter>
    </ClCompile>
    <ClCompile Include="binary_search\cf_ed_2_B.cpp">
      <Filter>Source Files</Filter>
    </ClCompile>
    <ClCompile Include="binary_search\cf_good_bye_16_C.cpp">
      <Filter>Source Files</Filter>
    </ClCompile>
    <ClCompile Include="binary_search\cf_good_bye_16_C_tourist.cpp">
      <Filter>Source Files</Filter>
    </ClCompile>
    <ClCompile Include="binary_search\cf_round_112_B.cpp">
      <Filter>Source Files</Filter>
    </ClCompile>
    <ClCompile Include="binary_search\cf_round_112_C.cpp">
      <Filter>Source Files</Filter>
    </ClCompile>
    <ClCompile Include="binary_search\cf_round_113_A.cpp">
      <Filter>Source Files</Filter>
    </ClCompile>
    <ClCompile Include="binary_search\cf_round_121_A.cpp">
      <Filter>Source Files</Filter>
    </ClCompile>
    <ClCompile Include="binary_search\cf_round_153_C.cpp">
      <Filter>Source Files</Filter>
    </ClCompile>
    <ClCompile Include="binary_search\cf_round_168_C.cpp">
      <Filter>Source Files</Filter>
    </ClCompile>
    <ClCompile Include="binary_search\cf_round_171_B.cpp">
      <Filter>Source Files</Filter>
    </ClCompile>
    <ClCompile Include="binary_search\cf_round_171_B_two_pointers.cpp">
      <Filter>Source Files</Filter>
    </ClCompile>
    <ClCompile Include="binary_search\cf_round_202_C.cpp">
      <Filter>Source Files</Filter>
    </ClCompile>
    <ClCompile Include="binary_search\cf_round_218_C.cpp">
      <Filter>Source Files</Filter>
    </ClCompile>
    <ClCompile Include="binary_search\cf_round_219_C.cpp">
      <Filter>Source Files</Filter>
    </ClCompile>
    <ClCompile Include="binary_search\cf_round_256_D.cpp">
      <Filter>Source Files</Filter>
    </ClCompile>
    <ClCompile Include="binary_search\cf_round_271_B.cpp">
      <Filter>Source Files</Filter>
    </ClCompile>
    <ClCompile Include="binary_search\cf_round_280_B.cpp">
      <Filter>Source Files</Filter>
    </ClCompile>
    <ClCompile Include="binary_search\cf_round_300_C.cpp">
      <Filter>Source Files</Filter>
    </ClCompile>
    <ClCompile Include="binary_search\cf_round_321_B.cpp">
      <Filter>Source Files</Filter>
    </ClCompile>
    <ClCompile Include="binary_search\cf_round_334_B.cpp">
      <Filter>Source Files</Filter>
    </ClCompile>
    <ClCompile Include="binary_search\cf_round_350_D1.cpp">
      <Filter>Source Files</Filter>
    </ClCompile>
    <ClCompile Include="binary_search\cf_round_350_D2.cpp">
      <Filter>Source Files</Filter>
    </ClCompile>
    <ClCompile Include="binary_search\cf_round_354_C.cpp">
      <Filter>Source Files</Filter>
    </ClCompile>
    <ClCompile Include="binary_search\cf_round_362_C.cpp">
      <Filter>Source Files</Filter>
    </ClCompile>
    <ClCompile Include="binary_search\cf_round_364_C.cpp">
      <Filter>Source Files</Filter>
    </ClCompile>
    <ClCompile Include="binary_search\cf_round_367_B.cpp">
      <Filter>Source Files</Filter>
    </ClCompile>
    <ClCompile Include="binary_search\cf_round_371_C.cpp">
      <Filter>Source Files</Filter>
    </ClCompile>
    <ClCompile Include="binary_search\cf_round_384_B.cpp">
      <Filter>Source Files</Filter>
    </ClCompile>
    <ClCompile Include="binary_search\cf_round_401_C.cpp">
      <Filter>Source Files</Filter>
    </ClCompile>
    <ClCompile Include="binary_search\cf_round_77.cpp">
      <Filter>Source Files</Filter>
    </ClCompile>
    <ClCompile Include="binary_search\cf_round_Pi_C.cpp">
      <Filter>Source Files</Filter>
    </ClCompile>
    <ClCompile Include="binary_search\good_bye_2016_A.cpp">
      <Filter>Source Files</Filter>
    </ClCompile>
    <ClCompile Include="binary_search\test.cpp">
      <Filter>Source Files</Filter>
    </ClCompile>
    <ClCompile Include="cf_round_206\A.cpp">
      <Filter>Source Files</Filter>
    </ClCompile>
    <ClCompile Include="cf_round_206\B.cpp">
      <Filter>Source Files</Filter>
    </ClCompile>
    <ClCompile Include="cf_round_206\C.cpp">
      <Filter>Source Files</Filter>
    </ClCompile>
    <ClCompile Include="cf_round_275\A.cpp">
      <Filter>Source Files</Filter>
    </ClCompile>
    <ClCompile Include="cf_round_275\B.cpp">
      <Filter>Source Files</Filter>
    </ClCompile>
    <ClCompile Include="cf_round_275\C.cpp">
      <Filter>Source Files</Filter>
    </ClCompile>
    <ClCompile Include="cf_round_329\A.cpp">
      <Filter>Source Files</Filter>
    </ClCompile>
    <ClCompile Include="cf_round_329\B.cpp">
      <Filter>Source Files</Filter>
    </ClCompile>
    <ClCompile Include="cf_round_329\C.cpp">
      <Filter>Source Files</Filter>
    </ClCompile>
    <ClCompile Include="cf_round_337\A.cpp">
      <Filter>Source Files</Filter>
    </ClCompile>
    <ClCompile Include="cf_round_337\B.cpp">
      <Filter>Source Files</Filter>
    </ClCompile>
    <ClCompile Include="cf_round_337\C.cpp">
      <Filter>Source Files</Filter>
    </ClCompile>
    <ClCompile Include="cf_round_372\A.cpp">
      <Filter>Source Files</Filter>
    </ClCompile>
    <ClCompile Include="cf_round_372\B.cpp">
      <Filter>Source Files</Filter>
    </ClCompile>
    <ClCompile Include="cf_round_372\c.cpp">
      <Filter>Source Files</Filter>
    </ClCompile>
    <ClCompile Include="cf_round_397\A.cpp">
      <Filter>Source Files</Filter>
    </ClCompile>
    <ClCompile Include="cf_round_397\B.cpp">
      <Filter>Source Files</Filter>
    </ClCompile>
    <ClCompile Include="cf_round_397\C.cpp">
      <Filter>Source Files</Filter>
    </ClCompile>
    <ClCompile Include="cf_round_407\A.cpp">
      <Filter>Source Files</Filter>
    </ClCompile>
    <ClCompile Include="cf_round_407\B.cpp">
      <Filter>Source Files</Filter>
    </ClCompile>
    <ClCompile Include="cf_round_408\A.cpp">
      <Filter>Source Files</Filter>
    </ClCompile>
    <ClCompile Include="cf_round_408\B.cpp">
      <Filter>Source Files</Filter>
    </ClCompile>
    <ClCompile Include="cf_round_408\C.cpp">
      <Filter>Source Files</Filter>
    </ClCompile>
    <ClCompile Include="cf_round_408\dummy.cpp">
      <Filter>Source Files</Filter>
    </ClCompile>
    <ClCompile Include="cf_round_412\A.cpp">
      <Filter>Source Files</Filter>
    </ClCompile>
    <ClCompile Include="cf_round_412\B.cpp">
      <Filter>Source Files</Filter>
    </ClCompile>
    <ClCompile Include="cf_round_412\C.cpp">
      <Filter>Source Files</Filter>
    </ClCompile>
    <ClCompile Include="cf_round_413\A.cpp">
      <Filter>Source Files</Filter>
    </ClCompile>
    <ClCompile Include="cf_round_413\B.cpp">
      <Filter>Source Files</Filter>
    </ClCompile>
    <ClCompile Include="cf_round_413\C.cpp">
      <Filter>Source Files</Filter>
    </ClCompile>
    <ClCompile Include="cf_round_415\A.cpp">
      <Filter>Source Files</Filter>
    </ClCompile>
    <ClCompile Include="cf_round_415\B.cpp">
      <Filter>Source Files</Filter>
    </ClCompile>
    <ClCompile Include="cf_round_415\C.cpp">
      <Filter>Source Files</Filter>
    </ClCompile>
    <ClCompile Include="cf_round_416\A.cpp">
      <Filter>Source Files</Filter>
    </ClCompile>
    <ClCompile Include="cf_round_416\B.cpp">
      <Filter>Source Files</Filter>
    </ClCompile>
    <ClCompile Include="cf_round_416\C.cpp">
      <Filter>Source Files</Filter>
    </ClCompile>
    <ClCompile Include="cf_round_417\A.cpp">
      <Filter>Source Files</Filter>
    </ClCompile>
    <ClCompile Include="cf_round_417\B.cpp">
      <Filter>Source Files</Filter>
    </ClCompile>
    <ClCompile Include="cf_round_417\C.cpp">
      <Filter>Source Files</Filter>
    </ClCompile>
    <ClCompile Include="cf_round_417\cf_round_368_B.cpp">
      <Filter>Source Files</Filter>
    </ClCompile>
    <ClCompile Include="cf_round_418\A.cpp">
      <Filter>Source Files</Filter>
    </ClCompile>
    <ClCompile Include="cf_round_418\B.cpp">
      <Filter>Source Files</Filter>
    </ClCompile>
    <ClCompile Include="cf_round_418\C.cpp">
      <Filter>Source Files</Filter>
    </ClCompile>
    <ClCompile Include="cf_round_418\cf_round_368_B.cpp">
      <Filter>Source Files</Filter>
    </ClCompile>
    <ClCompile Include="cf_round_420\A.cpp">
      <Filter>Source Files</Filter>
    </ClCompile>
    <ClCompile Include="cf_round_420\B.cpp">
      <Filter>Source Files</Filter>
    </ClCompile>
    <ClCompile Include="cf_round_420\C.cpp">
      <Filter>Source Files</Filter>
    </ClCompile>
    <ClCompile Include="cf_round_421\A.cpp">
      <Filter>Source Files</Filter>
    </ClCompile>
    <ClCompile Include="cf_round_421\B.cpp">
      <Filter>Source Files</Filter>
    </ClCompile>
    <ClCompile Include="cf_round_421\C.cpp">
      <Filter>Source Files</Filter>
    </ClCompile>
    <ClCompile Include="cf_round_466\A.cpp">
      <Filter>Source Files</Filter>
    </ClCompile>
    <ClCompile Include="cf_round_466\B.cpp">
      <Filter>Source Files</Filter>
    </ClCompile>
    <ClCompile Include="cf_round_466\C.cpp">
      <Filter>Source Files</Filter>
    </ClCompile>
    <ClCompile Include="cf_round_467\A.cpp">
      <Filter>Source Files</Filter>
    </ClCompile>
    <ClCompile Include="cf_round_467\B.cpp">
      <Filter>Source Files</Filter>
    </ClCompile>
    <ClCompile Include="cf_round_467\C.cpp">
      <Filter>Source Files</Filter>
    </ClCompile>
    <ClCompile Include="cf_round_467\D.cpp">
      <Filter>Source Files</Filter>
    </ClCompile>
    <ClCompile Include="cf_round_468\A.cpp">
      <Filter>Source Files</Filter>
    </ClCompile>
    <ClCompile Include="cf_round_468\B.cpp">
      <Filter>Source Files</Filter>
    </ClCompile>
    <ClCompile Include="cf_round_468\C.cpp">
      <Filter>Source Files</Filter>
    </ClCompile>
    <ClCompile Include="cf_round_468\D.cpp">
      <Filter>Source Files</Filter>
    </ClCompile>
    <ClCompile Include="cf_round_470\A.cpp">
      <Filter>Source Files</Filter>
    </ClCompile>
    <ClCompile Include="cf_round_470\B.cpp">
      <Filter>Source Files</Filter>
    </ClCompile>
    <ClCompile Include="cf_round_470\C.cpp">
      <Filter>Source Files</Filter>
    </ClCompile>
    <ClCompile Include="cf_round_470\D.cpp">
      <Filter>Source Files</Filter>
    </ClCompile>
    <ClCompile Include="cf_round_470\E.cpp">
      <Filter>Source Files</Filter>
    </ClCompile>
    <ClCompile Include="cf_round_472\A.cpp">
      <Filter>Source Files</Filter>
    </ClCompile>
    <ClCompile Include="cf_round_472\B.cpp">
      <Filter>Source Files</Filter>
    </ClCompile>
    <ClCompile Include="cf_round_472\C.cpp">
      <Filter>Source Files</Filter>
    </ClCompile>
    <ClCompile Include="cf_round_474\A.cpp">
      <Filter>Source Files</Filter>
    </ClCompile>
    <ClCompile Include="cf_round_474\B.cpp">
      <Filter>Source Files</Filter>
    </ClCompile>
    <ClCompile Include="cf_round_474\C.cpp">
      <Filter>Source Files</Filter>
    </ClCompile>
    <ClCompile Include="cf_round_474\D.cpp">
      <Filter>Source Files</Filter>
    </ClCompile>
    <ClCompile Include="cf_round_512\A.cpp">
      <Filter>Source Files</Filter>
    </ClCompile>
    <ClCompile Include="cf_round_512\B.cpp">
      <Filter>Source Files</Filter>
    </ClCompile>
    <ClCompile Include="cf_round_512\C.cpp">
      <Filter>Source Files</Filter>
    </ClCompile>
    <ClCompile Include="cf_round_512\D.cpp">
      <Filter>Source Files</Filter>
    </ClCompile>
    <ClCompile Include="cf_round_548\1.cpp">
      <Filter>Source Files</Filter>
    </ClCompile>
    <ClCompile Include="cf_round_548\B.cpp">
      <Filter>Source Files</Filter>
    </ClCompile>
    <ClCompile Include="cf_round_548\C.cpp">
      <Filter>Source Files</Filter>
    </ClCompile>
    <ClCompile Include="cf_round_548\D.cpp">
      <Filter>Source Files</Filter>
    </ClCompile>
    <ClCompile Include="cf_round_548\E.cpp">
      <Filter>Source Files</Filter>
    </ClCompile>
    <ClCompile Include="cf_round_82\A.cpp">
      <Filter>Source Files</Filter>
    </ClCompile>
    <ClCompile Include="cf_round_82\B.cpp">
      <Filter>Source Files</Filter>
    </ClCompile>
    <ClCompile Include="cf_round_82\C.cpp">
      <Filter>Source Files</Filter>
    </ClCompile>
    <ClCompile Include="cf_round_82\D.cpp">
      <Filter>Source Files</Filter>
    </ClCompile>
    <ClCompile Include="cf_round_82\E.cpp">
      <Filter>Source Files</Filter>
    </ClCompile>
    <ClCompile Include="cf_round_84\A.cpp">
      <Filter>Source Files</Filter>
    </ClCompile>
    <ClCompile Include="cf_round_84\B.cpp">
      <Filter>Source Files</Filter>
    </ClCompile>
    <ClCompile Include="cf_round_84\C.cpp">
      <Filter>Source Files</Filter>
    </ClCompile>
    <ClCompile Include="cf_round_84\C1.cpp">
      <Filter>Source Files</Filter>
    </ClCompile>
    <ClCompile Include="cf_round_84\D.cpp">
      <Filter>Source Files</Filter>
    </ClCompile>
    <ClCompile Include="cf_round_84\E.cpp">
      <Filter>Source Files</Filter>
    </ClCompile>
    <ClCompile Include="dp\8VC_A.cpp">
      <Filter>Source Files</Filter>
    </ClCompile>
    <ClCompile Include="dp\AT.cpp">
      <Filter>Source Files</Filter>
    </ClCompile>
    <ClCompile Include="dp\cf_round_120_2_E.cpp">
      <Filter>Source Files</Filter>
    </ClCompile>
    <ClCompile Include="dp\cf_round_121_1_A.cpp">
      <Filter>Source Files</Filter>
    </ClCompile>
    <ClCompile Include="dp\cf_round_135_C.cpp">
      <Filter>Source Files</Filter>
    </ClCompile>
    <ClCompile Include="dp\cf_round_135_C1.cpp">
      <Filter>Source Files</Filter>
    </ClCompile>
    <ClCompile Include="dp\cf_round_145_2_C.cpp">
      <Filter>Source Files</Filter>
    </ClCompile>
    <ClCompile Include="dp\cf_round_214_2_C.cpp">
      <Filter>Source Files</Filter>
    </ClCompile>
    <ClCompile Include="dp\cf_round_264_2_D.cpp">
      <Filter>Source Files</Filter>
    </ClCompile>
    <ClCompile Include="dp\cf_round_274_E.cpp">
      <Filter>Source Files</Filter>
    </ClCompile>
    <ClCompile Include="dp\cf_round_278_2_D.cpp">
      <Filter>Source Files</Filter>
    </ClCompile>
    <ClCompile Include="dp\cf_round_286_2_C.cpp">
      <Filter>Source Files</Filter>
    </ClCompile>
    <ClCompile Include="dp\cf_round_302_A.cpp">
      <Filter>Source Files</Filter>
    </ClCompile>
    <ClCompile Include="dp\cf_round_336_B.cpp">
      <Filter>Source Files</Filter>
    </ClCompile>
    <ClCompile Include="dp\cf_round_343_2_D.cpp">
      <Filter>Source Files</Filter>
    </ClCompile>
    <ClCompile Include="dp\cf_round_368_B.cpp">
      <Filter>Source Files</Filter>
    </ClCompile>
    <ClCompile Include="dp\cf_round_369_C.cpp">
      <Filter>Source Files</Filter>
    </ClCompile>
    <ClCompile Include="dp\cf_round_374_2_C.cpp">
      <Filter>Source Files</Filter>
    </ClCompile>
    <ClCompile Include="dp\cf_round_386_2_C.cpp">
      <Filter>Source Files</Filter>
    </ClCompile>
    <ClCompile Include="dp\cf_round_406_1_A.cpp">
      <Filter>Source Files</Filter>
    </ClCompile>
    <ClCompile Include="dp\cf_round_458_1_C.cpp">
      <Filter>Source Files</Filter>
    </ClCompile>
    <ClCompile Include="dp\cf_round_459_1_B.cpp">
      <Filter>Source Files</Filter>
    </ClCompile>
    <ClCompile Include="dp\cf_round_459_B.cpp">
      <Filter>Source Files</Filter>
    </ClCompile>
    <ClCompile Include="dp\cf_round_517.cpp">
      <Filter>Source Files</Filter>
    </ClCompile>
    <ClCompile Include="dp\cf_round_edu_11_dp.cpp">
      <Filter>Source Files</Filter>
    </ClCompile>
    <ClCompile Include="dp\Cf_round_ed_30_B.cpp">
      <Filter>Source Files</Filter>
    </ClCompile>
    <ClCompile Include="dp\cf_round_ed_39_D.cpp">
      <Filter>Source Files</Filter>
    </ClCompile>
    <ClCompile Include="dp\MemSql_C.cpp">
      <Filter>Source Files</Filter>
    </ClCompile>
    <ClCompile Include="dp\PalindromePairs.cpp">
      <Filter>Source Files</Filter>
    </ClCompile>
    <ClCompile Include="dp\Source1.cpp">
      <Filter>Source Files</Filter>
    </ClCompile>
    <ClCompile Include="elements of programming\primitivetypes\A.cpp">
      <Filter>Source Files</Filter>
    </ClCompile>
    <ClCompile Include="elements of programming\primitivetypes\B.cpp">
      <Filter>Source Files</Filter>
    </ClCompile>
    <ClCompile Include="google kickstart\kicstart round b\A.cpp">
      <Filter>Source Files</Filter>
    </ClCompile>
    <ClCompile Include="google kickstart\kicstart round b\B.cpp">
      <Filter>Source Files</Filter>
    </ClCompile>
    <ClCompile Include="google-code-jam-2018\A.cpp">
      <Filter>Source Files</Filter>
    </ClCompile>
    <ClCompile Include="google-code-jam-2018\B.cpp">
      <Filter>Source Files</Filter>
    </ClCompile>
    <ClCompile Include="google-code-jam-2018\C.cpp">
      <Filter>Source Files</Filter>
    </ClCompile>
    <ClCompile Include="liveramp\A.cpp">
      <Filter>Source Files</Filter>
    </ClCompile>
    <ClCompile Include="liveramp\B.cpp">
      <Filter>Source Files</Filter>
    </ClCompile>
    <ClCompile Include="manthan\A.cpp">
      <Filter>Source Files</Filter>
    </ClCompile>
    <ClCompile Include="manthan\B.cpp">
      <Filter>Source Files</Filter>
    </ClCompile>
    <ClCompile Include="manthan\C.cpp">
      <Filter>Source Files</Filter>
    </ClCompile>
    <ClCompile Include="manthan\D.cpp">
      <Filter>Source Files</Filter>
    </ClCompile>
    <ClCompile Include="servicetitan\1.cpp">
      <Filter>Source Files</Filter>
    </ClCompile>
    <ClCompile Include="servicetitan\2.cpp">
      <Filter>Source Files</Filter>
    </ClCompile>
    <ClCompile Include="servicetitan\3.cpp">
      <Filter>Source Files</Filter>
    </ClCompile>
    <ClCompile Include="servicetitan\4.cpp">
      <Filter>Source Files</Filter>
    </ClCompile>
    <ClCompile Include="twitter\A.cpp">
      <Filter>Source Files</Filter>
    </ClCompile>
    <ClCompile Include="twitter\B.cpp">
      <Filter>Source Files</Filter>
    </ClCompile>
    <ClCompile Include="uva\Uva_10264.cpp">
      <Filter>Source Files</Filter>
    </ClCompile>
    <ClCompile Include="uva\Uva_11173.cpp">
      <Filter>Source Files</Filter>
    </ClCompile>
    <ClCompile Include="uva\Uva_11760.cpp">
      <Filter>Source Files</Filter>
    </ClCompile>
    <ClCompile Include="uva\Uva_594.cpp">
      <Filter>Source Files</Filter>
    </ClCompile>
  </ItemGroup>
</Project>